
Microsoft Visual Studio Solution File, Format Version 12.00
# Visual Studio Version 17
VisualStudioVersion = 17.4.33213.308
MinimumVisualStudioVersion = 10.0.40219.1
Project("{FAE04EC0-301F-11D3-BF4B-00C04F79EFBC}") = "JACR20241103", "JACR20241103\JACR20241103.csproj", "{99E3AE7F-CFDC-4904-B37B-3EB7CBA79EC9}"
EndProject
Global
	GlobalSection(SolutionConfigurationPlatforms) = preSolution
		Debug|Any CPU = Debug|Any CPU
		Release|Any CPU = Release|Any CPU
	EndGlobalSection
	GlobalSection(ProjectConfigurationPlatforms) = postSolution
		{99E3AE7F-CFDC-4904-B37B-3EB7CBA79EC9}.Debug|Any CPU.ActiveCfg = Debug|Any CPU
		{99E3AE7F-CFDC-4904-B37B-3EB7CBA79EC9}.Debug|Any CPU.Build.0 = Debug|Any CPU
		{99E3AE7F-CFDC-4904-B37B-3EB7CBA79EC9}.Release|Any CPU.ActiveCfg = Release|Any CPU
		{99E3AE7F-CFDC-4904-B37B-3EB7CBA79EC9}.Release|Any CPU.Build.0 = Release|Any CPU
	EndGlobalSection
	GlobalSection(SolutionProperties) = preSolution
		HideSolutionNode = FALSE
	EndGlobalSection
	GlobalSection(ExtensibilityGlobals) = postSolution
		SolutionGuid = {F0CABA87-CE29-4BA4-B5C7-4A2DAB13EF73}
	EndGlobalSection
EndGlobal
